<Solution>
  <Folder Name="/Solution Items/">
    <File Path=".editorconfig" />
    <File Path=".gitattributes" />
    <File Path=".gitignore" />
    <File Path="LICENSE.txt" />
    <File Path="README.md" />
  </Folder>
  <Project Path="SoBot/SorceryBot.csproj" />
  <Project Path="SorceryBotTests/SorceryBotTests.csproj" Id="fba96531-0275-45f1-8cdd-f74c56c7cc75" />
</Solution>
